
Microsoft Visual Studio Solution File, Format Version 12.00
# Visual Studio 15
VisualStudioVersion = 15.0.27130.2003
MinimumVisualStudioVersion = 10.0.40219.1
Project("{FAE04EC0-301F-11D3-BF4B-00C04F79EFBC}") = "ExchangeSharpConsole", "ExchangeSharpConsole.csproj", "{B2544FEB-77E4-4056-90A5-C8CD09D203C5}"
EndProject
Project("{FAE04EC0-301F-11D3-BF4B-00C04F79EFBC}") = "ExchangeSharp", "ExchangeSharp\ExchangeSharp.csproj", "{FDDED71D-96A2-4914-BF48-796A63263559}"
EndProject
Project("{FAE04EC0-301F-11D3-BF4B-00C04F79EFBC}") = "ExchangeSharpForms", "ExchangeSharpForms\ExchangeSharpForms.csproj", "{B46218A9-3B44-457E-B1DD-8BBDF862A569}"
EndProject
Global
	GlobalSection(SolutionConfigurationPlatforms) = preSolution
		Debug|Any CPU = Debug|Any CPU
		Release|Any CPU = Release|Any CPU
	EndGlobalSection
	GlobalSection(ProjectConfigurationPlatforms) = postSolution
		{B2544FEB-77E4-4056-90A5-C8CD09D203C5}.Debug|Any CPU.ActiveCfg = Debug|Any CPU
		{B2544FEB-77E4-4056-90A5-C8CD09D203C5}.Debug|Any CPU.Build.0 = Debug|Any CPU
		{B2544FEB-77E4-4056-90A5-C8CD09D203C5}.Release|Any CPU.ActiveCfg = Release|Any CPU
		{B2544FEB-77E4-4056-90A5-C8CD09D203C5}.Release|Any CPU.Build.0 = Release|Any CPU
		{FDDED71D-96A2-4914-BF48-796A63263559}.Debug|Any CPU.ActiveCfg = Debug|Any CPU
		{FDDED71D-96A2-4914-BF48-796A63263559}.Debug|Any CPU.Build.0 = Debug|Any CPU
		{FDDED71D-96A2-4914-BF48-796A63263559}.Release|Any CPU.ActiveCfg = Release|Any CPU
		{FDDED71D-96A2-4914-BF48-796A63263559}.Release|Any CPU.Build.0 = Release|Any CPU
	EndGlobalSection
	GlobalSection(SolutionProperties) = preSolution
		HideSolutionNode = FALSE
	EndGlobalSection
	GlobalSection(ExtensibilityGlobals) = postSolution
		SolutionGuid = {46DCEF62-6B50-4260-8C47-4368B05CFAB4}
	EndGlobalSection
EndGlobal
